
Microsoft Visual Studio Solution File, Format Version 12.00
# Visual Studio Version 17
VisualStudioVersion = 17.11.35303.130
MinimumVisualStudioVersion = 10.0.40219.1
Project("{FAE04EC0-301F-11D3-BF4B-00C04F79EFBC}") = "ejercicioTelegrama", "ejercicioTelegrama\ejercicioTelegrama.csproj", "{74137CEB-A4D9-4AF9-94F8-152E48FA91BD}"
EndProject
Global
	GlobalSection(SolutionConfigurationPlatforms) = preSolution
		Debug|Any CPU = Debug|Any CPU
		Release|Any CPU = Release|Any CPU
	EndGlobalSection
	GlobalSection(ProjectConfigurationPlatforms) = postSolution
		{74137CEB-A4D9-4AF9-94F8-152E48FA91BD}.Debug|Any CPU.ActiveCfg = Debug|Any CPU
		{74137CEB-A4D9-4AF9-94F8-152E48FA91BD}.Debug|Any CPU.Build.0 = Debug|Any CPU
		{74137CEB-A4D9-4AF9-94F8-152E48FA91BD}.Release|Any CPU.ActiveCfg = Release|Any CPU
		{74137CEB-A4D9-4AF9-94F8-152E48FA91BD}.Release|Any CPU.Build.0 = Release|Any CPU
	EndGlobalSection
	GlobalSection(SolutionProperties) = preSolution
		HideSolutionNode = FALSE
	EndGlobalSection
	GlobalSection(ExtensibilityGlobals) = postSolution
		SolutionGuid = {F0157DB2-9F33-4104-81F6-7320CF118ECF}
	EndGlobalSection
EndGlobal
